dependencies:
- name: minio
  repository: https://charts.min.io/
  version: 5.0.10
- name: influxdb2
  repository: https://helm.influxdata.com/
  version: 2.1.1
- name: grafana
  repository: https://grafana.github.io/helm-charts
  version: 6.59.2
digest: sha256:bd7f1cde20299191d2fea37e61a93799eea0b0d72ed245a2ad379db2cbd2245c
generated: "2025-06-20T12:45:05.692557138+02:00"
